
Microsoft Visual Studio Solution File, Format Version 12.00
# Visual Studio 14
VisualStudioVersion = 14.0.25420.1
MinimumVisualStudioVersion = 10.0.40219.1
Project("{FAE04EC0-301F-11D3-BF4B-00C04F79EFBC}") = "Traffix.Migrations", "Traffix.Migrations\Traffix.Migrations.csproj", "{2B24E37A-2920-4FA1-852F-3C979CD61A4B}"
EndProject
Project("{FAE04EC0-301F-11D3-BF4B-00C04F79EFBC}") = "Traffix.Web", "Traffix.Web\Traffix.Web.csproj", "{20EE647D-0454-493F-841D-0FA32AB73269}"
EndProject
Project("{FAE04EC0-301F-11D3-BF4B-00C04F79EFBC}") = "Traffix.Common", "Traffix.Common\Traffix.Common.csproj", "{8DC1367F-469A-4F07-87FC-CFB392C89655}"
EndProject
Global
	GlobalSection(SolutionConfigurationPlatforms) = preSolution
		Debug|Any CPU = Debug|Any CPU
		Release|Any CPU = Release|Any CPU
		Test|Any CPU = Test|Any CPU
	EndGlobalSection
	GlobalSection(ProjectConfigurationPlatforms) = postSolution
		{2B24E37A-2920-4FA1-852F-3C979CD61A4B}.Debug|Any CPU.ActiveCfg = Debug|Any CPU
		{2B24E37A-2920-4FA1-852F-3C979CD61A4B}.Debug|Any CPU.Build.0 = Debug|Any CPU
		{2B24E37A-2920-4FA1-852F-3C979CD61A4B}.Release|Any CPU.ActiveCfg = Debug|Any CPU
		{2B24E37A-2920-4FA1-852F-3C979CD61A4B}.Release|Any CPU.Build.0 = Debug|Any CPU
		{2B24E37A-2920-4FA1-852F-3C979CD61A4B}.Test|Any CPU.ActiveCfg = Debug|Any CPU
		{2B24E37A-2920-4FA1-852F-3C979CD61A4B}.Test|Any CPU.Build.0 = Debug|Any CPU
		{20EE647D-0454-493F-841D-0FA32AB73269}.Debug|Any CPU.ActiveCfg = Debug|Any CPU
		{20EE647D-0454-493F-841D-0FA32AB73269}.Debug|Any CPU.Build.0 = Debug|Any CPU
		{20EE647D-0454-493F-841D-0FA32AB73269}.Release|Any CPU.ActiveCfg = Release|Any CPU
		{20EE647D-0454-493F-841D-0FA32AB73269}.Release|Any CPU.Build.0 = Release|Any CPU
		{20EE647D-0454-493F-841D-0FA32AB73269}.Test|Any CPU.ActiveCfg = Test|Any CPU
		{20EE647D-0454-493F-841D-0FA32AB73269}.Test|Any CPU.Build.0 = Test|Any CPU
		{8DC1367F-469A-4F07-87FC-CFB392C89655}.Debug|Any CPU.ActiveCfg = Debug|Any CPU
		{8DC1367F-469A-4F07-87FC-CFB392C89655}.Debug|Any CPU.Build.0 = Debug|Any CPU
		{8DC1367F-469A-4F07-87FC-CFB392C89655}.Release|Any CPU.ActiveCfg = Release|Any CPU
		{8DC1367F-469A-4F07-87FC-CFB392C89655}.Release|Any CPU.Build.0 = Release|Any CPU
		{8DC1367F-469A-4F07-87FC-CFB392C89655}.Test|Any CPU.ActiveCfg = Test|Any CPU
		{8DC1367F-469A-4F07-87FC-CFB392C89655}.Test|Any CPU.Build.0 = Test|Any CPU
	EndGlobalSection
	GlobalSection(SolutionProperties) = preSolution
		HideSolutionNode = FALSE
	EndGlobalSection
EndGlobal
